// !$*UTF8*$!
{
	archiveVersion = 1;
	classes = {
	};
	objectVersion = 50;
	objects = {

/* Begin PBXBuildFile section */
		FA12CF8026F62E8A00CEB6C1 /* AppDelegate.swift in Sources */ = {isa = PBXBuildFile; fileRef = FA12CF7F26F62E8A00CEB6C1 /* AppDelegate.swift */; };
		FA12CF8226F62E8A00CEB6C1 /* GameScene.sks in Resources */ = {isa = PBXBuildFile; fileRef = FA12CF8126F62E8A00CEB6C1 /* GameScene.sks */; };
		FA12CF8626F62E8A00CEB6C1 /* GameScene.swift in Sources */ = {isa = PBXBuildFile; fileRef = FA12CF8526F62E8A00CEB6C1 /* GameScene.swift */; };
		FA12CF8826F62E8A00CEB6C1 /* GameViewController.swift in Sources */ = {isa = PBXBuildFile; fileRef = FA12CF8726F62E8A00CEB6C1 /* GameViewController.swift */; };
		FA12CF8B26F62E8A00CEB6C1 /* Main.storyboard in Resources */ = {isa = PBXBuildFile; fileRef = FA12CF8926F62E8A00CEB6C1 /* Main.storyboard */; };
		FA12CF8D26F62E8B00CEB6C1 /* Assets.xcassets in Resources */ = {isa = PBXBuildFile; fileRef = FA12CF8C26F62E8B00CEB6C1 /* Assets.xcassets */; };
		FA12CF9F26F62FB700CEB6C1 /* swoosh2.caf in Resources */ = {isa = PBXBuildFile; fileRef = FA12CF9526F62FB700CEB6C1 /* swoosh2.caf */; };
		FA12CFA026F62FB700CEB6C1 /* sliceHitBomb.sks in Resources */ = {isa = PBXBuildFile; fileRef = FA12CF9626F62FB700CEB6C1 /* sliceHitBomb.sks */; };
		FA12CFA126F62FB700CEB6C1 /* swoosh3.caf in Resources */ = {isa = PBXBuildFile; fileRef = FA12CF9726F62FB700CEB6C1 /* swoosh3.caf */; };
		FA12CFA226F62FB700CEB6C1 /* swoosh1.caf in Resources */ = {isa = PBXBuildFile; fileRef = FA12CF9826F62FB700CEB6C1 /* swoosh1.caf */; };
		FA12CFA326F62FB700CEB6C1 /* explosion.caf in Resources */ = {isa = PBXBuildFile; fileRef = FA12CF9926F62FB700CEB6C1 /* explosion.caf */; };
		FA12CFA426F62FB700CEB6C1 /* sliceFuse.sks in Resources */ = {isa = PBXBuildFile; fileRef = FA12CF9A26F62FB700CEB6C1 /* sliceFuse.sks */; };
		FA12CFA526F62FB700CEB6C1 /* launch.caf in Resources */ = {isa = PBXBuildFile; fileRef = FA12CF9B26F62FB700CEB6C1 /* launch.caf */; };
		FA12CFA626F62FB700CEB6C1 /* whack.caf in Resources */ = {isa = PBXBuildFile; fileRef = FA12CF9C26F62FB700CEB6C1 /* whack.caf */; };
		FA12CFA726F62FB700CEB6C1 /* wrong.caf in Resources */ = {isa = PBXBuildFile; fileRef = FA12CF9D26F62FB700CEB6C1 /* wrong.caf */; };
		FA12CFA826F62FB700CEB6C1 /* sliceHitEnemy.sks in Resources */ = {isa = PBXBuildFile; fileRef = FA12CF9E26F62FB700CEB6C1 /* sliceHitEnemy.sks */; };
		FA12CFAD26F63CEC00CEB6C1 /* sliceBombFuse.caf in Resources */ = {isa = PBXBuildFile; fileRef = FA12CFAC26F63CEC00CEB6C1 /* sliceBombFuse.caf */; };
		FA12CFB026F73F9A00CEB6C1 /* ForceBomb.swift in Sources */ = {isa = PBXBuildFile; fileRef = FA12CFAF26F73F9A00CEB6C1 /* ForceBomb.swift */; };
		FA12CFB326F74E2000CEB6C1 /* SequenceType.swift in Sources */ = {isa = PBXBuildFile; fileRef = FA12CFB226F74E2000CEB6C1 /* SequenceType.swift */; };
/* End PBXBuildFile section */

/* Begin PBXFileReference section */
		FA12CF7C26F62E8A00CEB6C1 /* SwiftyNinja.app */ = {isa = PBXFileReference; explicitFileType = wrapper.application; includeInIndex = 0; path = SwiftyNinja.app; sourceTree = BUILT_PRODUCTS_DIR; };
		FA12CF7F26F62E8A00CEB6C1 /* AppDelegate.swift */ = {isa = PBXFileReference; lastKnownFileType = sourcecode.swift; path = AppDelegate.swift; sourceTree = "<group>"; };
		FA12CF8126F62E8A00CEB6C1 /* GameScene.sks */ = {isa = PBXFileReference; lastKnownFileType = file.sks; path = GameScene.sks; sourceTree = "<group>"; };
		FA12CF8526F62E8A00CEB6C1 /* GameScene.swift */ = {isa = PBXFileReference; lastKnownFileType = sourcecode.swift; path = GameScene.swift; sourceTree = "<group>"; };
		FA12CF8726F62E8A00CEB6C1 /* GameViewController.swift */ = {isa = PBXFileReference; lastKnownFileType = sourcecode.swift; path = GameViewController.swift; sourceTree = "<group>"; };
		FA12CF8A26F62E8A00CEB6C1 /* Base */ = {isa = PBXFileReference; lastKnownFileType = file.storyboard; name = Base; path = Base.lproj/Main.storyboard; sourceTree = "<group>"; };
		FA12CF8C26F62E8B00CEB6C1 /* Assets.xcassets */ = {isa = PBXFileReference; lastKnownFileType = folder.assetcatalog; path = Assets.xcassets; sourceTree = "<group>"; };
		FA12CF8E26F62E8B00CEB6C1 /* Info.plist */ = {isa = PBXFileReference; lastKnownFileType = text.plist.xml; path = Info.plist; sourceTree = "<group>"; };
		FA12CF9526F62FB700CEB6C1 /* swoosh2.caf */ = {isa = PBXFileReference; lastKnownFileType = file; path = swoosh2.caf; sourceTree = "<group>"; };
		FA12CF9626F62FB700CEB6C1 /* sliceHitBomb.sks */ = {isa = PBXFileReference; lastKnownFileType = file.sks; path = sliceHitBomb.sks; sourceTree = "<group>"; };
		FA12CF9726F62FB700CEB6C1 /* swoosh3.caf */ = {isa = PBXFileReference; lastKnownFileType = file; path = swoosh3.caf; sourceTree = "<group>"; };
		FA12CF9826F62FB700CEB6C1 /* swoosh1.caf */ = {isa = PBXFileReference; lastKnownFileType = file; path = swoosh1.caf; sourceTree = "<group>"; };
		FA12CF9926F62FB700CEB6C1 /* explosion.caf */ = {isa = PBXFileReference; lastKnownFileType = file; path = explosion.caf; sourceTree = "<group>"; };
		FA12CF9A26F62FB700CEB6C1 /* sliceFuse.sks */ = {isa = PBXFileReference; lastKnownFileType = file.sks; path = sliceFuse.sks; sourceTree = "<group>"; };
		FA12CF9B26F62FB700CEB6C1 /* launch.caf */ = {isa = PBXFileReference; lastKnownFileType = file; path = launch.caf; sourceTree = "<group>"; };
		FA12CF9C26F62FB700CEB6C1 /* whack.caf */ = {isa = PBXFileReference; lastKnownFileType = file; path = whack.caf; sourceTree = "<group>"; };
		FA12CF9D26F62FB700CEB6C1 /* wrong.caf */ = {isa = PBXFileReference; lastKnownFileType = file; path = wrong.caf; sourceTree = "<group>"; };
		FA12CF9E26F62FB700CEB6C1 /* sliceHitEnemy.sks */ = {isa = PBXFileReference; lastKnownFileType = file.sks; path = sliceHitEnemy.sks; sourceTree = "<group>"; };
		FA12CFAC26F63CEC00CEB6C1 /* sliceBombFuse.caf */ = {isa = PBXFileReference; lastKnownFileType = file; path = sliceBombFuse.caf; sourceTree = "<group>"; };
		FA12CFAF26F73F9A00CEB6C1 /* ForceBomb.swift */ = {isa = PBXFileReference; lastKnownFileType = sourcecode.swift; path = ForceBomb.swift; sourceTree = "<group>"; };
		FA12CFB226F74E2000CEB6C1 /* SequenceType.swift */ = {isa = PBXFileReference; lastKnownFileType = sourcecode.swift; path = SequenceType.swift; sourceTree = "<group>"; };
/* End PBXFileReference section */

/* Begin PBXFrameworksBuildPhase section */
		FA12CF7926F62E8A00CEB6C1 /* Frameworks */ = {
			isa = PBXFrameworksBuildPhase;
			buildActionMask = 2147483647;
			files = (
			);
			runOnlyForDeploymentPostprocessing = 0;
		};
/* End PBXFrameworksBuildPhase section */

/* Begin PBXGroup section */
		FA12CF7326F62E8A00CEB6C1 = {
			isa = PBXGroup;
			children = (
				FA12CF7E26F62E8A00CEB6C1 /* SwiftyNinja */,
				FA12CF7D26F62E8A00CEB6C1 /* Products */,
			);
			sourceTree = "<group>";
		};
		FA12CF7D26F62E8A00CEB6C1 /* Products */ = {
			isa = PBXGroup;
			children = (
				FA12CF7C26F62E8A00CEB6C1 /* SwiftyNinja.app */,
			);
			name = Products;
			sourceTree = "<group>";
		};
		FA12CF7E26F62E8A00CEB6C1 /* SwiftyNinja */ = {
			isa = PBXGroup;
			children = (
				FA12CFB126F74E0B00CEB6C1 /* Enums */,
				FA12CF9426F62F9600CEB6C1 /* Assets */,
				FA12CF7F26F62E8A00CEB6C1 /* AppDelegate.swift */,
				FA12CF8126F62E8A00CEB6C1 /* GameScene.sks */,
				FA12CF8526F62E8A00CEB6C1 /* GameScene.swift */,
				FA12CF8726F62E8A00CEB6C1 /* GameViewController.swift */,
				FA12CF8926F62E8A00CEB6C1 /* Main.storyboard */,
				FA12CF8C26F62E8B00CEB6C1 /* Assets.xcassets */,
				FA12CF8E26F62E8B00CEB6C1 /* Info.plist */,
			);
			path = SwiftyNinja;
			sourceTree = "<group>";
		};
		FA12CF9426F62F9600CEB6C1 /* Assets */ = {
			isa = PBXGroup;
			children = (
				FA12CF9926F62FB700CEB6C1 /* explosion.caf */,
				FA12CF9B26F62FB700CEB6C1 /* launch.caf */,
				FA12CFAC26F63CEC00CEB6C1 /* sliceBombFuse.caf */,
				FA12CF9A26F62FB700CEB6C1 /* sliceFuse.sks */,
				FA12CF9626F62FB700CEB6C1 /* sliceHitBomb.sks */,
				FA12CF9E26F62FB700CEB6C1 /* sliceHitEnemy.sks */,
				FA12CF9826F62FB700CEB6C1 /* swoosh1.caf */,
				FA12CF9526F62FB700CEB6C1 /* swoosh2.caf */,
				FA12CF9726F62FB700CEB6C1 /* swoosh3.caf */,
				FA12CF9C26F62FB700CEB6C1 /* whack.caf */,
				FA12CF9D26F62FB700CEB6C1 /* wrong.caf */,
			);
			path = Assets;
			sourceTree = "<group>";
		};
		FA12CFB126F74E0B00CEB6C1 /* Enums */ = {
			isa = PBXGroup;
			children = (
				FA12CFAF26F73F9A00CEB6C1 /* ForceBomb.swift */,
				FA12CFB226F74E2000CEB6C1 /* SequenceType.swift */,
			);
			path = Enums;
			sourceTree = "<group>";
		};
/* End PBXGroup section */

/* Begin PBXNativeTarget section */
		FA12CF7B26F62E8A00CEB6C1 /* SwiftyNinja */ = {
			isa = PBXNativeTarget;
			buildConfigurationList = FA12CF9126F62E8B00CEB6C1 /* Build configuration list for PBXNativeTarget "SwiftyNinja" */;
			buildPhases = (
				FA12CF7826F62E8A00CEB6C1 /* Sources */,
				FA12CF7926F62E8A00CEB6C1 /* Frameworks */,
				FA12CF7A26F62E8A00CEB6C1 /* Resources */,
			);
			buildRules = (
			);
			dependencies = (
			);
			name = SwiftyNinja;
			productName = SwiftyNinja;
			productReference = FA12CF7C26F62E8A00CEB6C1 /* SwiftyNinja.app */;
			productType = "com.apple.product-type.application";
		};
/* End PBXNativeTarget section */

/* Begin PBXProject section */
		FA12CF7426F62E8A00CEB6C1 /* Project object */ = {
			isa = PBXProject;
			attributes = {
				LastSwiftUpdateCheck = 1250;
				LastUpgradeCheck = 1250;
				TargetAttributes = {
					FA12CF7B26F62E8A00CEB6C1 = {
						CreatedOnToolsVersion = 12.5.1;
					};
				};
			};
			buildConfigurationList = FA12CF7726F62E8A00CEB6C1 /* Build configuration list for PBXProject "SwiftyNinja" */;
			compatibilityVersion = "Xcode 9.3";
			developmentRegion = en;
			hasScannedForEncodings = 0;
			knownRegions = (
				en,
				Base,
			);
			mainGroup = FA12CF7326F62E8A00CEB6C1;
			productRefGroup = FA12CF7D26F62E8A00CEB6C1 /* Products */;
			projectDirPath = "";
			projectRoot = "";
			targets = (
				FA12CF7B26F62E8A00CEB6C1 /* SwiftyNinja */,
			);
		};
/* End PBXProject section */

/* Begin PBXResourcesBuildPhase section */
		FA12CF7A26F62E8A00CEB6C1 /* Resources */ = {
			isa = PBXResourcesBuildPhase;
			buildActionMask = 2147483647;
			files = (
				FA12CFA226F62FB700CEB6C1 /* swoosh1.caf in Resources */,
				FA12CFA526F62FB700CEB6C1 /* launch.caf in Resources */,
				FA12CF9F26F62FB700CEB6C1 /* swoosh2.caf in Resources */,
				FA12CF8B26F62E8A00CEB6C1 /* Main.storyboard in Resources */,
				FA12CF8226F62E8A00CEB6C1 /* GameScene.sks in Resources */,
				FA12CF8D26F62E8B00CEB6C1 /* Assets.xcassets in Resources */,
				FA12CFA026F62FB700CEB6C1 /* sliceHitBomb.sks in Resources */,
				FA12CFA326F62FB700CEB6C1 /* explosion.caf in Resources */,
				FA12CFA826F62FB700CEB6C1 /* sliceHitEnemy.sks in Resources */,
				FA12CFA626F62FB700CEB6C1 /* whack.caf in Resources */,
				FA12CFA126F62FB700CEB6C1 /* swoosh3.caf in Resources */,
				FA12CFA726F62FB700CEB6C1 /* wrong.caf in Resources */,
				FA12CFAD26F63CEC00CEB6C1 /* sliceBombFuse.caf in Resources */,
				FA12CFA426F62FB700CEB6C1 /* sliceFuse.sks in Resources */,
			);
			runOnlyForDeploymentPostprocessing = 0;
		};
/* End PBXResourcesBuildPhase section */

/* Begin PBXSourcesBuildPhase section */
		FA12CF7826F62E8A00CEB6C1 /* Sources */ = {
			isa = PBXSourcesBuildPhase;
			buildActionMask = 2147483647;
			files = (
				FA12CFB326F74E2000CEB6C1 /* SequenceType.swift in Sources */,
				FA12CF8626F62E8A00CEB6C1 /* GameScene.swift in Sources */,
				FA12CFB026F73F9A00CEB6C1 /* ForceBomb.swift in Sources */,
				FA12CF8826F62E8A00CEB6C1 /* GameViewController.swift in Sources */,
				FA12CF8026F62E8A00CEB6C1 /* AppDelegate.swift in Sources */,
			);
			runOnlyForDeploymentPostprocessing = 0;
		};
/* End PBXSourcesBuildPhase section */

/* Begin PBXVariantGroup section */
		FA12CF8926F62E8A00CEB6C1 /* Main.storyboard */ = {
			isa = PBXVariantGroup;
			children = (
				FA12CF8A26F62E8A00CEB6C1 /* Base */,
			);
			name = Main.storyboard;
			sourceTree = "<group>";
		};
/* End PBXVariantGroup section */

/* Begin XCBuildConfiguration section */
		FA12CF8F26F62E8B00CEB6C1 /* Debug */ = {
			isa = XCBuildConfiguration;
			buildSettings = {
				ALWAYS_SEARCH_USER_PATHS = NO;
				CLANG_ANALYZER_NONNULL = YES;
				CLANG_ANALYZER_NUMBER_OBJECT_CONVERSION = YES_AGGRESSIVE;
				CLANG_CXX_LANGUAGE_STANDARD = "gnu++14";
				CLANG_CXX_LIBRARY = "libc++";
				CLANG_ENABLE_MODULES = YES;
				CLANG_ENABLE_OBJC_ARC = YES;
				CLANG_ENABLE_OBJC_WEAK = YES;
				CLANG_WARN_BLOCK_CAPTURE_AUTORELEASING = YES;
				CLANG_WARN_BOOL_CONVERSION = YES;
				CLANG_WARN_COMMA = YES;
				CLANG_WARN_CONSTANT_CONVERSION = YES;
				CLANG_WARN_DEPRECATED_OBJC_IMPLEMENTATIONS = YES;
				CLANG_WARN_DIRECT_OBJC_ISA_USAGE = YES_ERROR;
				CLANG_WARN_DOCUMENTATION_COMMENTS = YES;
				CLANG_WARN_EMPTY_BODY = YES;
				CLANG_WARN_ENUM_CONVERSION = YES;
				CLANG_WARN_INFINITE_RECURSION = YES;
				CLANG_WARN_INT_CONVERSION = YES;
				CLANG_WARN_NON_LITERAL_NULL_CONVERSION = YES;
				CLANG_WARN_OBJC_IMPLICIT_RETAIN_SELF = YES;
				CLANG_WARN_OBJC_LITERAL_CONVERSION = YES;
				CLANG_WARN_OBJC_ROOT_CLASS = YES_ERROR;
				CLANG_WARN_QUOTED_INCLUDE_IN_FRAMEWORK_HEADER = YES;
				CLANG_WARN_RANGE_LOOP_ANALYSIS = YES;
				CLANG_WARN_STRICT_PROTOTYPES = YES;
				CLANG_WARN_SUSPICIOUS_MOVE = YES;
				CLANG_WARN_UNGUARDED_AVAILABILITY = YES_AGGRESSIVE;
				CLANG_WARN_UNREACHABLE_CODE = YES;
				CLANG_WARN__DUPLICATE_METHOD_MATCH = YES;
				COPY_PHASE_STRIP = NO;
				DEBUG_INFORMATION_FORMAT = dwarf;
				ENABLE_STRICT_OBJC_MSGSEND = YES;
				ENABLE_TESTABILITY = YES;
				GCC_C_LANGUAGE_STANDARD = gnu11;
				GCC_DYNAMIC_NO_PIC = NO;
				GCC_NO_COMMON_BLOCKS = YES;
				GCC_OPTIMIZATION_LEVEL = 0;
				GCC_PREPROCESSOR_DEFINITIONS = (
					"DEBUG=1",
					"$(inherited)",
				);
				GCC_WARN_64_TO_32_BIT_CONVERSION = YES;
				GCC_WARN_ABOUT_RETURN_TYPE = YES_ERROR;
				GCC_WARN_UNDECLARED_SELECTOR = YES;
				GCC_WARN_UNINITIALIZED_AUTOS = YES_AGGRESSIVE;
				GCC_WARN_UNUSED_FUNCTION = YES;
				GCC_WARN_UNUSED_VARIABLE = YES;
				IPHONEOS_DEPLOYMENT_TARGET = 14.5;
				MTL_ENABLE_DEBUG_INFO = INCLUDE_SOURCE;
				MTL_FAST_MATH = YES;
				ONLY_ACTIVE_ARCH = YES;
				SDKROOT = iphoneos;
				SWIFT_ACTIVE_COMPILATION_CONDITIONS = DEBUG;
				SWIFT_OPTIMIZATION_LEVEL = "-Onone";
			};
			name = Debug;
		};
		FA12CF9026F62E8B00CEB6C1 /* Release */ = {
			isa = XCBuildConfiguration;
			buildSettings = {
				ALWAYS_SEARCH_USER_PATHS = NO;
				CLANG_ANALYZER_NONNULL = YES;
				CLANG_ANALYZER_NUMBER_OBJECT_CONVERSION = YES_AGGRESSIVE;
				CLANG_CXX_LANGUAGE_STANDARD = "gnu++14";
				CLANG_CXX_LIBRARY = "libc++";
				CLANG_ENABLE_MODULES = YES;
				CLANG_ENABLE_OBJC_ARC = YES;
				CLANG_ENABLE_OBJC_WEAK = YES;
				CLANG_WARN_BLOCK_CAPTURE_AUTORELEASING = YES;
				CLANG_WARN_BOOL_CONVERSION = YES;
				CLANG_WARN_COMMA = YES;
				CLANG_WARN_CONSTANT_CONVERSION = YES;
				CLANG_WARN_DEPRECATED_OBJC_IMPLEMENTATIONS = YES;
				CLANG_WARN_DIRECT_OBJC_ISA_USAGE = YES_ERROR;
				CLANG_WARN_DOCUMENTATION_COMMENTS = YES;
				CLANG_WARN_EMPTY_BODY = YES;
				CLANG_WARN_ENUM_CONVERSION = YES;
				CLANG_WARN_INFINITE_RECURSION = YES;
				CLANG_WARN_INT_CONVERSION = YES;
				CLANG_WARN_NON_LITERAL_NULL_CONVERSION = YES;
				CLANG_WARN_OBJC_IMPLICIT_RETAIN_SELF = YES;
				CLANG_WARN_OBJC_LITERAL_CONVERSION = YES;
				CLANG_WARN_OBJC_ROOT_CLASS = YES_ERROR;
				CLANG_WARN_QUOTED_INCLUDE_IN_FRAMEWORK_HEADER = YES;
				CLANG_WARN_RANGE_LOOP_ANALYSIS = YES;
				CLANG_WARN_STRICT_PROTOTYPES = YES;
				CLANG_WARN_SUSPICIOUS_MOVE = YES;
				CLANG_WARN_UNGUARDED_AVAILABILITY = YES_AGGRESSIVE;
				CLANG_WARN_UNREACHABLE_CODE = YES;
				CLANG_WARN__DUPLICATE_METHOD_MATCH = YES;
				COPY_PHASE_STRIP = NO;
				DEBUG_INFORMATION_FORMAT = "dwarf-with-dsym";
				ENABLE_NS_ASSERTIONS = NO;
				ENABLE_STRICT_OBJC_MSGSEND = YES;
				GCC_C_LANGUAGE_STANDARD = gnu11;
				GCC_NO_COMMON_BLOCKS = YES;
				GCC_WARN_64_TO_32_BIT_CONVERSION = YES;
				GCC_WARN_ABOUT_RETURN_TYPE = YES_ERROR;
				GCC_WARN_UNDECLARED_SELECTOR = YES;
				GCC_WARN_UNINITIALIZED_AUTOS = YES_AGGRESSIVE;
				GCC_WARN_UNUSED_FUNCTION = YES;
				GCC_WARN_UNUSED_VARIABLE = YES;
				IPHONEOS_DEPLOYMENT_TARGET = 14.5;
				MTL_ENABLE_DEBUG_INFO = NO;
				MTL_FAST_MATH = YES;
				SDKROOT = iphoneos;
				SWIFT_COMPILATION_MODE = wholemodule;
				SWIFT_OPTIMIZATION_LEVEL = "-O";
				VALIDATE_PRODUCT = YES;
			};
			name = Release;
		};
		FA12CF9226F62E8B00CEB6C1 /* Debug */ = {
			isa = XCBuildConfiguration;
			buildSettings = {
				ASSETCATALOG_COMPILER_APPICON_NAME = AppIcon;
				ASSETCATALOG_COMPILER_GLOBAL_ACCENT_COLOR_NAME = AccentColor;
				CODE_SIGN_STYLE = Automatic;
				INFOPLIST_FILE = SwiftyNinja/Info.plist;
				LD_RUNPATH_SEARCH_PATHS = (
					"$(inherited)",
					"@executable_path/Frameworks",
				);
				PRODUCT_BUNDLE_IDENTIFIER = com.josecarloslh.SwiftyNinja;
				PRODUCT_NAME = "$(TARGET_NAME)";
				SWIFT_VERSION = 5.0;
				TARGETED_DEVICE_FAMILY = 2;
			};
			name = Debug;
		};
		FA12CF9326F62E8B00CEB6C1 /* Release */ = {
			isa = XCBuildConfiguration;
			buildSettings = {
				ASSETCATALOG_COMPILER_APPICON_NAME = AppIcon;
				ASSETCATALOG_COMPILER_GLOBAL_ACCENT_COLOR_NAME = AccentColor;
				CODE_SIGN_STYLE = Automatic;
				INFOPLIST_FILE = SwiftyNinja/Info.plist;
				LD_RUNPATH_SEARCH_PATHS = (
					"$(inherited)",
					"@executable_path/Frameworks",
				);
				PRODUCT_BUNDLE_IDENTIFIER = com.josecarloslh.SwiftyNinja;
				PRODUCT_NAME = "$(TARGET_NAME)";
				SWIFT_VERSION = 5.0;
				TARGETED_DEVICE_FAMILY = 2;
			};
			name = Release;
		};
/* End XCBuildConfiguration section */

/* Begin XCConfigurationList section */
		FA12CF7726F62E8A00CEB6C1 /* Build configuration list for PBXProject "SwiftyNinja" */ = {
			isa = XCConfigurationList;
			buildConfigurations = (
				FA12CF8F26F62E8B00CEB6C1 /* Debug */,
				FA12CF9026F62E8B00CEB6C1 /* Release */,
			);
			defaultConfigurationIsVisible = 0;
			defaultConfigurationName = Release;
		};
		FA12CF9126F62E8B00CEB6C1 /* Build configuration list for PBXNativeTarget "SwiftyNinja" */ = {
			isa = XCConfigurationList;
			buildConfigurations = (
				FA12CF9226F62E8B00CEB6C1 /* Debug */,
				FA12CF9326F62E8B00CEB6C1 /* Release */,
			);
			defaultConfigurationIsVisible = 0;
			defaultConfigurationName = Release;
		};
/* End XCConfigurationList section */
	};
	rootObject = FA12CF7426F62E8A00CEB6C1 /* Project object */;
}
